
Microsoft Visual Studio Solution File, Format Version 12.00
# Visual Studio Version 17
VisualStudioVersion = 17.8.34511.84
MinimumVisualStudioVersion = 10.0.40219.1
Project("{FAE04EC0-301F-11D3-BF4B-00C04F79EFBC}") = "AgroGreenPlusDB", "AgroGreenPlusDB\AgroGreenPlusDB.csproj", "{3B48440F-EF31-461A-B475-3D7581585C81}"
EndProject
Global
	GlobalSection(SolutionConfigurationPlatforms) = preSolution
		Debug|Any CPU = Debug|Any CPU
		Release|Any CPU = Release|Any CPU
	EndGlobalSection
	GlobalSection(ProjectConfigurationPlatforms) = postSolution
		{3B48440F-EF31-461A-B475-3D7581585C81}.Debug|Any CPU.ActiveCfg = Debug|Any CPU
		{3B48440F-EF31-461A-B475-3D7581585C81}.Debug|Any CPU.Build.0 = Debug|Any CPU
		{3B48440F-EF31-461A-B475-3D7581585C81}.Release|Any CPU.ActiveCfg = Release|Any CPU
		{3B48440F-EF31-461A-B475-3D7581585C81}.Release|Any CPU.Build.0 = Release|Any CPU
	EndGlobalSection
	GlobalSection(SolutionProperties) = preSolution
		HideSolutionNode = FALSE
	EndGlobalSection
	GlobalSection(ExtensibilityGlobals) = postSolution
		SolutionGuid = {C7A840E6-3216-4817-8ACB-E932C20BC486}
	EndGlobalSection
EndGlobal
